
Microsoft Visual Studio Solution File, Format Version 12.00
# Visual Studio 15
VisualStudioVersion = 15.0.27428.2005
MinimumVisualStudioVersion = 10.0.40219.1
Project("{FAE04EC0-301F-11D3-BF4B-00C04F79EFBC}") = "WorkingWithCollections", "WorkingWithCollections\WorkingWithCollections.csproj", "{9BEA969F-8B27-44CF-8349-C6F602A274F3}"
EndProject
Global
	GlobalSection(SolutionConfigurationPlatforms) = preSolution
		Debug|Any CPU = Debug|Any CPU
		Release|Any CPU = Release|Any CPU
	EndGlobalSection
	GlobalSection(ProjectConfigurationPlatforms) = postSolution
		{9BEA969F-8B27-44CF-8349-C6F602A274F3}.Debug|Any CPU.ActiveCfg = Debug|Any CPU
		{9BEA969F-8B27-44CF-8349-C6F602A274F3}.Debug|Any CPU.Build.0 = Debug|Any CPU
		{9BEA969F-8B27-44CF-8349-C6F602A274F3}.Release|Any CPU.ActiveCfg = Release|Any CPU
		{9BEA969F-8B27-44CF-8349-C6F602A274F3}.Release|Any CPU.Build.0 = Release|Any CPU
	EndGlobalSection
	GlobalSection(SolutionProperties) = preSolution
		HideSolutionNode = FALSE
	EndGlobalSection
	GlobalSection(ExtensibilityGlobals) = postSolution
		SolutionGuid = {BA37E5FA-7965-49B5-A425-F418435DEFD0}
	EndGlobalSection
EndGlobal
