
Microsoft Visual Studio Solution File, Format Version 12.00
# Visual Studio 15
VisualStudioVersion = 15.0.27428.2005
MinimumVisualStudioVersion = 10.0.40219.1
Project("{FAE04EC0-301F-11D3-BF4B-00C04F79EFBC}") = "EulerProject12", "EulerProject12\EulerProject12.csproj", "{2D2AD545-CE4B-4262-BF1A-85D368DDB03F}"
EndProject
Global
	GlobalSection(SolutionConfigurationPlatforms) = preSolution
		Debug|Any CPU = Debug|Any CPU
		Release|Any CPU = Release|Any CPU
	EndGlobalSection
	GlobalSection(ProjectConfigurationPlatforms) = postSolution
		{2D2AD545-CE4B-4262-BF1A-85D368DDB03F}.Debug|Any CPU.ActiveCfg = Debug|Any CPU
		{2D2AD545-CE4B-4262-BF1A-85D368DDB03F}.Debug|Any CPU.Build.0 = Debug|Any CPU
		{2D2AD545-CE4B-4262-BF1A-85D368DDB03F}.Release|Any CPU.ActiveCfg = Release|Any CPU
		{2D2AD545-CE4B-4262-BF1A-85D368DDB03F}.Release|Any CPU.Build.0 = Release|Any CPU
	EndGlobalSection
	GlobalSection(SolutionProperties) = preSolution
		HideSolutionNode = FALSE
	EndGlobalSection
	GlobalSection(ExtensibilityGlobals) = postSolution
		SolutionGuid = {89444E4B-982F-46FE-92C9-9EA95CF388D6}
	EndGlobalSection
EndGlobal
