
Microsoft Visual Studio Solution File, Format Version 12.00
# Visual Studio 15
VisualStudioVersion = 15.0.27428.2005
MinimumVisualStudioVersion = 10.0.40219.1
Project("{FAE04EC0-301F-11D3-BF4B-00C04F79EFBC}") = "WorkingWithStrings", "WorkingWithStrings\WorkingWithStrings.csproj", "{87C9A932-CFB1-4725-876B-0F4B347CEFCF}"
EndProject
Global
	GlobalSection(SolutionConfigurationPlatforms) = preSolution
		Debug|Any CPU = Debug|Any CPU
		Release|Any CPU = Release|Any CPU
	EndGlobalSection
	GlobalSection(ProjectConfigurationPlatforms) = postSolution
		{87C9A932-CFB1-4725-876B-0F4B347CEFCF}.Debug|Any CPU.ActiveCfg = Debug|Any CPU
		{87C9A932-CFB1-4725-876B-0F4B347CEFCF}.Debug|Any CPU.Build.0 = Debug|Any CPU
		{87C9A932-CFB1-4725-876B-0F4B347CEFCF}.Release|Any CPU.ActiveCfg = Release|Any CPU
		{87C9A932-CFB1-4725-876B-0F4B347CEFCF}.Release|Any CPU.Build.0 = Release|Any CPU
	EndGlobalSection
	GlobalSection(SolutionProperties) = preSolution
		HideSolutionNode = FALSE
	EndGlobalSection
	GlobalSection(ExtensibilityGlobals) = postSolution
		SolutionGuid = {017DE034-A067-4898-B2AB-4FB341DC6E00}
	EndGlobalSection
EndGlobal
